
Microsoft Visual Studio Solution File, Format Version 12.00
# Visual Studio 2013
VisualStudioVersion = 12.0.21005.1
MinimumVisualStudioVersion = 10.0.40219.1
Project("{FAE04EC0-301F-11D3-BF4B-00C04F79EFBC}") = "WebAppProveedores", "WebAppProveedores\WebAppProveedores.csproj", "{6A32A315-4821-4006-82F9-0F74922EAB1E}"
EndProject
Project("{FAE04EC0-301F-11D3-BF4B-00C04F79EFBC}") = "AccesoDatos", "AccesoDatos\AccesoDatos.csproj", "{7EDE2FA9-0335-4094-8613-ED5F2102E3D4}"
EndProject
Project("{FAE04EC0-301F-11D3-BF4B-00C04F79EFBC}") = "LogicaNegocio", "LogicaNegocio\LogicaNegocio.csproj", "{BA1707ED-7984-4A95-8E55-C28FA3579AF2}"
EndProject
Global
	GlobalSection(SolutionConfigurationPlatforms) = preSolution
		Debug|Any CPU = Debug|Any CPU
		Release|Any CPU = Release|Any CPU
	EndGlobalSection
	GlobalSection(ProjectConfigurationPlatforms) = postSolution
		{6A32A315-4821-4006-82F9-0F74922EAB1E}.Debug|Any CPU.ActiveCfg = Debug|Any CPU
		{6A32A315-4821-4006-82F9-0F74922EAB1E}.Debug|Any CPU.Build.0 = Debug|Any CPU
		{6A32A315-4821-4006-82F9-0F74922EAB1E}.Release|Any CPU.ActiveCfg = Release|Any CPU
		{6A32A315-4821-4006-82F9-0F74922EAB1E}.Release|Any CPU.Build.0 = Release|Any CPU
		{7EDE2FA9-0335-4094-8613-ED5F2102E3D4}.Debug|Any CPU.ActiveCfg = Debug|Any CPU
		{7EDE2FA9-0335-4094-8613-ED5F2102E3D4}.Debug|Any CPU.Build.0 = Debug|Any CPU
		{7EDE2FA9-0335-4094-8613-ED5F2102E3D4}.Release|Any CPU.ActiveCfg = Release|Any CPU
		{7EDE2FA9-0335-4094-8613-ED5F2102E3D4}.Release|Any CPU.Build.0 = Release|Any CPU
		{BA1707ED-7984-4A95-8E55-C28FA3579AF2}.Debug|Any CPU.ActiveCfg = Debug|Any CPU
		{BA1707ED-7984-4A95-8E55-C28FA3579AF2}.Debug|Any CPU.Build.0 = Debug|Any CPU
		{BA1707ED-7984-4A95-8E55-C28FA3579AF2}.Release|Any CPU.ActiveCfg = Release|Any CPU
		{BA1707ED-7984-4A95-8E55-C28FA3579AF2}.Release|Any CPU.Build.0 = Release|Any CPU
	EndGlobalSection
	GlobalSection(SolutionProperties) = preSolution
		HideSolutionNode = FALSE
	EndGlobalSection
EndGlobal
